
Microsoft Visual Studio Solution File, Format Version 12.00
# Visual Studio Version 17
VisualStudioVersion = 17.9.34728.123
MinimumVisualStudioVersion = 10.0.40219.1
Project("{FAE04EC0-301F-11D3-BF4B-00C04F79EFBC}") = "DotNetDemoGit", "DotNetDemoGit\DotNetDemoGit.csproj", "{AA08B027-0EF5-4D55-87F5-11A09C704E07}"
EndProject
Global
	GlobalSection(SolutionConfigurationPlatforms) = preSolution
		Debug|Any CPU = Debug|Any CPU
		Release|Any CPU = Release|Any CPU
	EndGlobalSection
	GlobalSection(ProjectConfigurationPlatforms) = postSolution
		{AA08B027-0EF5-4D55-87F5-11A09C704E07}.Debug|Any CPU.ActiveCfg = Debug|Any CPU
		{AA08B027-0EF5-4D55-87F5-11A09C704E07}.Debug|Any CPU.Build.0 = Debug|Any CPU
		{AA08B027-0EF5-4D55-87F5-11A09C704E07}.Release|Any CPU.ActiveCfg = Release|Any CPU
		{AA08B027-0EF5-4D55-87F5-11A09C704E07}.Release|Any CPU.Build.0 = Release|Any CPU
	EndGlobalSection
	GlobalSection(SolutionProperties) = preSolution
		HideSolutionNode = FALSE
	EndGlobalSection
	GlobalSection(ExtensibilityGlobals) = postSolution
		SolutionGuid = {1F056E62-B219-4BD4-A10D-846ADF59B937}
	EndGlobalSection
EndGlobal
